
Microsoft Visual Studio Solution File, Format Version 12.00
# Visual Studio Version 17
VisualStudioVersion = 17.8.34511.84
MinimumVisualStudioVersion = 10.0.40219.1
Project("{FAE04EC0-301F-11D3-BF4B-00C04F79EFBC}") = "bd_lab", "bd_lab\bd_lab.csproj", "{C7A93CB7-1856-42CB-841C-E4536DABEEDA}"
EndProject
Global
	GlobalSection(SolutionConfigurationPlatforms) = preSolution
		Debug|Any CPU = Debug|Any CPU
		Release|Any CPU = Release|Any CPU
	EndGlobalSection
	GlobalSection(ProjectConfigurationPlatforms) = postSolution
		{C7A93CB7-1856-42CB-841C-E4536DABEEDA}.Debug|Any CPU.ActiveCfg = Debug|Any CPU
		{C7A93CB7-1856-42CB-841C-E4536DABEEDA}.Debug|Any CPU.Build.0 = Debug|Any CPU
		{C7A93CB7-1856-42CB-841C-E4536DABEEDA}.Release|Any CPU.ActiveCfg = Release|Any CPU
		{C7A93CB7-1856-42CB-841C-E4536DABEEDA}.Release|Any CPU.Build.0 = Release|Any CPU
	EndGlobalSection
	GlobalSection(SolutionProperties) = preSolution
		HideSolutionNode = FALSE
	EndGlobalSection
	GlobalSection(ExtensibilityGlobals) = postSolution
		SolutionGuid = {ECEAD2C4-1DE2-48E0-985B-5EAA41DF68A2}
	EndGlobalSection
EndGlobal
